
Microsoft Visual Studio Solution File, Format Version 12.00
# Visual Studio Version 17
VisualStudioVersion = 17.5.002.0
MinimumVisualStudioVersion = 10.0.40219.1
Project("{9A19103F-16F7-4668-BE54-9A1E7A4F7556}") = "TestApp", "TestApp.csproj", "{5E431522-AC4A-4FB2-A8E8-C569E27DBAFC}"
EndProject
Global
	GlobalSection(SolutionConfigurationPlatforms) = preSolution
		Debug|Any CPU = Debug|Any CPU
		Release|Any CPU = Release|Any CPU
	EndGlobalSection
	GlobalSection(ProjectConfigurationPlatforms) = postSolution
		{5E431522-AC4A-4FB2-A8E8-C569E27DBAFC}.Debug|Any CPU.ActiveCfg = Debug|Any CPU
		{5E431522-AC4A-4FB2-A8E8-C569E27DBAFC}.Debug|Any CPU.Build.0 = Debug|Any CPU
		{5E431522-AC4A-4FB2-A8E8-C569E27DBAFC}.Release|Any CPU.ActiveCfg = Release|Any CPU
		{5E431522-AC4A-4FB2-A8E8-C569E27DBAFC}.Release|Any CPU.Build.0 = Release|Any CPU
	EndGlobalSection
	GlobalSection(SolutionProperties) = preSolution
		HideSolutionNode = FALSE
	EndGlobalSection
	GlobalSection(ExtensibilityGlobals) = postSolution
		SolutionGuid = {198E77E2-5976-4A76-B03A-8B70BAA49B81}
	EndGlobalSection
EndGlobal
